// !$*UTF8*$!
{
	archiveVersion = 1;
	classes = {
	};
	objectVersion = 55;
	objects = {

/* Begin PBXBuildFile section */
		06327086289AFAE800E1DBB2 /* AppDelegate.swift in Sources */ = {isa = PBXBuildFile; fileRef = 06327085289AFAE800E1DBB2 /* AppDelegate.swift */; };
		06327088289AFAE800E1DBB2 /* SceneDelegate.swift in Sources */ = {isa = PBXBuildFile; fileRef = 06327087289AFAE800E1DBB2 /* SceneDelegate.swift */; };
		0632708A289AFAE800E1DBB2 /* ViewController.swift in Sources */ = {isa = PBXBuildFile; fileRef = 06327089289AFAE800E1DBB2 /* ViewController.swift */; };
		0632708D289AFAE800E1DBB2 /* Main.storyboard in Resources */ = {isa = PBXBuildFile; fileRef = 0632708B289AFAE800E1DBB2 /* Main.storyboard */; };
		0632708F289AFAE800E1DBB2 /* Assets.xcassets in Resources */ = {isa = PBXBuildFile; fileRef = 0632708E289AFAE800E1DBB2 /* Assets.xcassets */; };
		06327092289AFAE800E1DBB2 /* LaunchScreen.storyboard in Resources */ = {isa = PBXBuildFile; fileRef = 06327090289AFAE800E1DBB2 /* LaunchScreen.storyboard */; };
		0632709B289AFBE400E1DBB2 /* CombineVC.swift in Sources */ = {isa = PBXBuildFile; fileRef = 0632709A289AFBE400E1DBB2 /* CombineVC.swift */; };
		456103860F899EE5F9DBAA1D /* libPods-testando.a in Frameworks */ = {isa = PBXBuildFile; fileRef = A755E58B72DCA238539C6809 /* libPods-testando.a */; };
/* End PBXBuildFile section */

/* Begin PBXFileReference section */
		06327082289AFAE800E1DBB2 /* testando.app */ = {isa = PBXFileReference; explicitFileType = wrapper.application; includeInIndex = 0; path = testando.app; sourceTree = BUILT_PRODUCTS_DIR; };
		06327085289AFAE800E1DBB2 /* AppDelegate.swift */ = {isa = PBXFileReference; lastKnownFileType = sourcecode.swift; path = AppDelegate.swift; sourceTree = "<group>"; };
		06327087289AFAE800E1DBB2 /* SceneDelegate.swift */ = {isa = PBXFileReference; lastKnownFileType = sourcecode.swift; path = SceneDelegate.swift; sourceTree = "<group>"; };
		06327089289AFAE800E1DBB2 /* ViewController.swift */ = {isa = PBXFileReference; lastKnownFileType = sourcecode.swift; path = ViewController.swift; sourceTree = "<group>"; };
		0632708C289AFAE800E1DBB2 /* Base */ = {isa = PBXFileReference; lastKnownFileType = file.storyboard; name = Base; path = Base.lproj/Main.storyboard; sourceTree = "<group>"; };
		0632708E289AFAE800E1DBB2 /* Assets.xcassets */ = {isa = PBXFileReference; lastKnownFileType = folder.assetcatalog; path = Assets.xcassets; sourceTree = "<group>"; };
		06327091289AFAE800E1DBB2 /* Base */ = {isa = PBXFileReference; lastKnownFileType = file.storyboard; name = Base; path = Base.lproj/LaunchScreen.storyboard; sourceTree = "<group>"; };
		06327093289AFAE800E1DBB2 /* Info.plist */ = {isa = PBXFileReference; lastKnownFileType = text.plist.xml; path = Info.plist; sourceTree = "<group>"; };
		0632709A289AFBE400E1DBB2 /* CombineVC.swift */ = {isa = PBXFileReference; lastKnownFileType = sourcecode.swift; path = CombineVC.swift; sourceTree = "<group>"; };
		0FDED37E9B9A2F2059957E4B /* Pods-testando.release.xcconfig */ = {isa = PBXFileReference; includeInIndex = 1; lastKnownFileType = text.xcconfig; name = "Pods-testando.release.xcconfig"; path = "Target Support Files/Pods-testando/Pods-testando.release.xcconfig"; sourceTree = "<group>"; };
		282BB881725BFE418494418C /* Pods-testando.debug.xcconfig */ = {isa = PBXFileReference; includeInIndex = 1; lastKnownFileType = text.xcconfig; name = "Pods-testando.debug.xcconfig"; path = "Target Support Files/Pods-testando/Pods-testando.debug.xcconfig"; sourceTree = "<group>"; };
		A755E58B72DCA238539C6809 /* libPods-testando.a */ = {isa = PBXFileReference; explicitFileType = archive.ar; includeInIndex = 0; path = "libPods-testando.a"; sourceTree = BUILT_PRODUCTS_DIR; };
/* End PBXFileReference section */

/* Begin PBXFrameworksBuildPhase section */
		0632707F289AFAE800E1DBB2 /* Frameworks */ = {
			isa = PBXFrameworksBuildPhase;
			buildActionMask = 2147483647;
			files = (
				456103860F899EE5F9DBAA1D /* libPods-testando.a in Frameworks */,
			);
			runOnlyForDeploymentPostprocessing = 0;
		};
/* End PBXFrameworksBuildPhase section */

/* Begin PBXGroup section */
		06327079289AFAE800E1DBB2 = {
			isa = PBXGroup;
			children = (
				06327084289AFAE800E1DBB2 /* testando */,
				06327083289AFAE800E1DBB2 /* Products */,
				967EAC5656EF09543F2953A1 /* Pods */,
				51C229776FE58BE81EF31548 /* Frameworks */,
			);
			sourceTree = "<group>";
		};
		06327083289AFAE800E1DBB2 /* Products */ = {
			isa = PBXGroup;
			children = (
				06327082289AFAE800E1DBB2 /* testando.app */,
			);
			name = Products;
			sourceTree = "<group>";
		};
		06327084289AFAE800E1DBB2 /* testando */ = {
			isa = PBXGroup;
			children = (
				06327099289AFBC000E1DBB2 /* Controller */,
				06327085289AFAE800E1DBB2 /* AppDelegate.swift */,
				06327087289AFAE800E1DBB2 /* SceneDelegate.swift */,
				06327089289AFAE800E1DBB2 /* ViewController.swift */,
				0632708B289AFAE800E1DBB2 /* Main.storyboard */,
				0632708E289AFAE800E1DBB2 /* Assets.xcassets */,
				06327090289AFAE800E1DBB2 /* LaunchScreen.storyboard */,
				06327093289AFAE800E1DBB2 /* Info.plist */,
			);
			path = testando;
			sourceTree = "<group>";
		};
		06327099289AFBC000E1DBB2 /* Controller */ = {
			isa = PBXGroup;
			children = (
				0632709A289AFBE400E1DBB2 /* CombineVC.swift */,
			);
			path = Controller;
			sourceTree = "<group>";
		};
		51C229776FE58BE81EF31548 /* Frameworks */ = {
			isa = PBXGroup;
			children = (
				A755E58B72DCA238539C6809 /* libPods-testando.a */,
			);
			name = Frameworks;
			sourceTree = "<group>";
		};
		967EAC5656EF09543F2953A1 /* Pods */ = {
			isa = PBXGroup;
			children = (
				282BB881725BFE418494418C /* Pods-testando.debug.xcconfig */,
				0FDED37E9B9A2F2059957E4B /* Pods-testando.release.xcconfig */,
			);
			name = Pods;
			path = Pods;
			sourceTree = "<group>";
		};
/* End PBXGroup section */

/* Begin PBXNativeTarget section */
		06327081289AFAE800E1DBB2 /* testando */ = {
			isa = PBXNativeTarget;
			buildConfigurationList = 06327096289AFAE800E1DBB2 /* Build configuration list for PBXNativeTarget "testando" */;
			buildPhases = (
				357FA1AC741A219A0F9E862C /* [CP] Check Pods Manifest.lock */,
				999B8885E27FF983A5B74FC2 /* [CP-User] Run Flutter Build flutter_module_ariel Script */,
				0632707E289AFAE800E1DBB2 /* Sources */,
				0632707F289AFAE800E1DBB2 /* Frameworks */,
				06327080289AFAE800E1DBB2 /* Resources */,
				1993F17C0B754263CABB6E00 /* [CP] Embed Pods Frameworks */,
			);
			buildRules = (
			);
			dependencies = (
			);
			name = testando;
			productName = testando;
			productReference = 06327082289AFAE800E1DBB2 /* testando.app */;
			productType = "com.apple.product-type.application";
		};
/* End PBXNativeTarget section */

/* Begin PBXProject section */
		0632707A289AFAE800E1DBB2 /* Project object */ = {
			isa = PBXProject;
			attributes = {
				BuildIndependentTargetsInParallel = 1;
				LastSwiftUpdateCheck = 1320;
				LastUpgradeCheck = 1320;
				TargetAttributes = {
					06327081289AFAE800E1DBB2 = {
						CreatedOnToolsVersion = 13.2.1;
					};
				};
			};
			buildConfigurationList = 0632707D289AFAE800E1DBB2 /* Build configuration list for PBXProject "testando" */;
			compatibilityVersion = "Xcode 13.0";
			developmentRegion = en;
			hasScannedForEncodings = 0;
			knownRegions = (
				en,
				Base,
			);
			mainGroup = 06327079289AFAE800E1DBB2;
			productRefGroup = 06327083289AFAE800E1DBB2 /* Products */;
			projectDirPath = "";
			projectRoot = "";
			targets = (
				06327081289AFAE800E1DBB2 /* testando */,
			);
		};
/* End PBXProject section */

/* Begin PBXResourcesBuildPhase section */
		06327080289AFAE800E1DBB2 /* Resources */ = {
			isa = PBXResourcesBuildPhase;
			buildActionMask = 2147483647;
			files = (
				06327092289AFAE800E1DBB2 /* LaunchScreen.storyboard in Resources */,
				0632708F289AFAE800E1DBB2 /* Assets.xcassets in Resources */,
				0632708D289AFAE800E1DBB2 /* Main.storyboard in Resources */,
			);
			runOnlyForDeploymentPostprocessing = 0;
		};
/* End PBXResourcesBuildPhase section */

/* Begin PBXShellScriptBuildPhase section */
		1993F17C0B754263CABB6E00 /* [CP] Embed Pods Frameworks */ = {
			isa = PBXShellScriptBuildPhase;
			buildActionMask = 2147483647;
			files = (
			);
			inputFileListPaths = (
				"${PODS_ROOT}/Target Support Files/Pods-testando/Pods-testando-frameworks-${CONFIGURATION}-input-files.xcfilelist",
			);
			name = "[CP] Embed Pods Frameworks";
			outputFileListPaths = (
				"${PODS_ROOT}/Target Support Files/Pods-testando/Pods-testando-frameworks-${CONFIGURATION}-output-files.xcfilelist",
			);
			runOnlyForDeploymentPostprocessing = 0;
			shellPath = /bin/sh;
			shellScript = "\"${PODS_ROOT}/Target Support Files/Pods-testando/Pods-testando-frameworks.sh\"\n";
			showEnvVarsInLog = 0;
		};
		357FA1AC741A219A0F9E862C /* [CP] Check Pods Manifest.lock */ = {
			isa = PBXShellScriptBuildPhase;
			buildActionMask = 2147483647;
			files = (
			);
			inputFileListPaths = (
			);
			inputPaths = (
				"${PODS_PODFILE_DIR_PATH}/Podfile.lock",
				"${PODS_ROOT}/Manifest.lock",
			);
			name = "[CP] Check Pods Manifest.lock";
			outputFileListPaths = (
			);
			outputPaths = (
				"$(DERIVED_FILE_DIR)/Pods-testando-checkManifestLockResult.txt",
			);
			runOnlyForDeploymentPostprocessing = 0;
			shellPath = /bin/sh;
			shellScript = "diff \"${PODS_PODFILE_DIR_PATH}/Podfile.lock\" \"${PODS_ROOT}/Manifest.lock\" > /dev/null\nif [ $? != 0 ] ; then\n    # print error to STDERR\n    echo \"error: The sandbox is not in sync with the Podfile.lock. Run 'pod install' or update your CocoaPods installation.\" >&2\n    exit 1\nfi\n# This output is used by Xcode 'outputs' to avoid re-running this script phase.\necho \"SUCCESS\" > \"${SCRIPT_OUTPUT_FILE_0}\"\n";
			showEnvVarsInLog = 0;
		};
		999B8885E27FF983A5B74FC2 /* [CP-User] Run Flutter Build flutter_module_ariel Script */ = {
			isa = PBXShellScriptBuildPhase;
			buildActionMask = 2147483647;
			files = (
			);
			name = "[CP-User] Run Flutter Build flutter_module_ariel Script";
			runOnlyForDeploymentPostprocessing = 0;
			shellPath = /bin/sh;
			shellScript = "set -e\nset -u\nsource \"${SRCROOT}/../flutter_module_ariel/.ios/Flutter/flutter_export_environment.sh\"\nexport VERBOSE_SCRIPT_LOGGING=1 && \"$FLUTTER_ROOT\"/packages/flutter_tools/bin/xcode_backend.sh build";
		};
/* End PBXShellScriptBuildPhase section */

/* Begin PBXSourcesBuildPhase section */
		0632707E289AFAE800E1DBB2 /* Sources */ = {
			isa = PBXSourcesBuildPhase;
			buildActionMask = 2147483647;
			files = (
				0632709B289AFBE400E1DBB2 /* CombineVC.swift in Sources */,
				0632708A289AFAE800E1DBB2 /* ViewController.swift in Sources */,
				06327086289AFAE800E1DBB2 /* AppDelegate.swift in Sources */,
				06327088289AFAE800E1DBB2 /* SceneDelegate.swift in Sources */,
			);
			runOnlyForDeploymentPostprocessing = 0;
		};
/* End PBXSourcesBuildPhase section */

/* Begin PBXVariantGroup section */
		0632708B289AFAE800E1DBB2 /* Main.storyboard */ = {
			isa = PBXVariantGroup;
			children = (
				0632708C289AFAE800E1DBB2 /* Base */,
			);
			name = Main.storyboard;
			sourceTree = "<group>";
		};
		06327090289AFAE800E1DBB2 /* LaunchScreen.storyboard */ = {
			isa = PBXVariantGroup;
			children = (
				06327091289AFAE800E1DBB2 /* Base */,
			);
			name = LaunchScreen.storyboard;
			sourceTree = "<group>";
		};
/* End PBXVariantGroup section */

/* Begin XCBuildConfiguration section */
		06327094289AFAE800E1DBB2 /* Debug */ = {
			isa = XCBuildConfiguration;
			buildSettings = {
				ALWAYS_SEARCH_USER_PATHS = NO;
				CLANG_ANALYZER_NONNULL = YES;
				CLANG_ANALYZER_NUMBER_OBJECT_CONVERSION = YES_AGGRESSIVE;
				CLANG_CXX_LANGUAGE_STANDARD = "gnu++17";
				CLANG_CXX_LIBRARY = "libc++";
				CLANG_ENABLE_MODULES = YES;
				CLANG_ENABLE_OBJC_ARC = YES;
				CLANG_ENABLE_OBJC_WEAK = YES;
				CLANG_WARN_BLOCK_CAPTURE_AUTORELEASING = YES;
				CLANG_WARN_BOOL_CONVERSION = YES;
				CLANG_WARN_COMMA = YES;
				CLANG_WARN_CONSTANT_CONVERSION = YES;
				CLANG_WARN_DEPRECATED_OBJC_IMPLEMENTATIONS = YES;
				CLANG_WARN_DIRECT_OBJC_ISA_USAGE = YES_ERROR;
				CLANG_WARN_DOCUMENTATION_COMMENTS = YES;
				CLANG_WARN_EMPTY_BODY = YES;
				CLANG_WARN_ENUM_CONVERSION = YES;
				CLANG_WARN_INFINITE_RECURSION = YES;
				CLANG_WARN_INT_CONVERSION = YES;
				CLANG_WARN_NON_LITERAL_NULL_CONVERSION = YES;
				CLANG_WARN_OBJC_IMPLICIT_RETAIN_SELF = YES;
				CLANG_WARN_OBJC_LITERAL_CONVERSION = YES;
				CLANG_WARN_OBJC_ROOT_CLASS = YES_ERROR;
				CLANG_WARN_QUOTED_INCLUDE_IN_FRAMEWORK_HEADER = YES;
				CLANG_WARN_RANGE_LOOP_ANALYSIS = YES;
				CLANG_WARN_STRICT_PROTOTYPES = YES;
				CLANG_WARN_SUSPICIOUS_MOVE = YES;
				CLANG_WARN_UNGUARDED_AVAILABILITY = YES_AGGRESSIVE;
				CLANG_WARN_UNREACHABLE_CODE = YES;
				CLANG_WARN__DUPLICATE_METHOD_MATCH = YES;
				COPY_PHASE_STRIP = NO;
				DEBUG_INFORMATION_FORMAT = dwarf;
				ENABLE_STRICT_OBJC_MSGSEND = YES;
				ENABLE_TESTABILITY = YES;
				GCC_C_LANGUAGE_STANDARD = gnu11;
				GCC_DYNAMIC_NO_PIC = NO;
				GCC_NO_COMMON_BLOCKS = YES;
				GCC_OPTIMIZATION_LEVEL = 0;
				GCC_PREPROCESSOR_DEFINITIONS = (
					"DEBUG=1",
					"$(inherited)",
				);
				GCC_WARN_64_TO_32_BIT_CONVERSION = YES;
				GCC_WARN_ABOUT_RETURN_TYPE = YES_ERROR;
				GCC_WARN_UNDECLARED_SELECTOR = YES;
				GCC_WARN_UNINITIALIZED_AUTOS = YES_AGGRESSIVE;
				GCC_WARN_UNUSED_FUNCTION = YES;
				GCC_WARN_UNUSED_VARIABLE = YES;
				IPHONEOS_DEPLOYMENT_TARGET = 15.2;
				MTL_ENABLE_DEBUG_INFO = INCLUDE_SOURCE;
				MTL_FAST_MATH = YES;
				ONLY_ACTIVE_ARCH = YES;
				SDKROOT = iphoneos;
				SWIFT_ACTIVE_COMPILATION_CONDITIONS = DEBUG;
				SWIFT_OPTIMIZATION_LEVEL = "-Onone";
			};
			name = Debug;
		};
		06327095289AFAE800E1DBB2 /* Release */ = {
			isa = XCBuildConfiguration;
			buildSettings = {
				ALWAYS_SEARCH_USER_PATHS = NO;
				CLANG_ANALYZER_NONNULL = YES;
				CLANG_ANALYZER_NUMBER_OBJECT_CONVERSION = YES_AGGRESSIVE;
				CLANG_CXX_LANGUAGE_STANDARD = "gnu++17";
				CLANG_CXX_LIBRARY = "libc++";
				CLANG_ENABLE_MODULES = YES;
				CLANG_ENABLE_OBJC_ARC = YES;
				CLANG_ENABLE_OBJC_WEAK = YES;
				CLANG_WARN_BLOCK_CAPTURE_AUTORELEASING = YES;
				CLANG_WARN_BOOL_CONVERSION = YES;
				CLANG_WARN_COMMA = YES;
				CLANG_WARN_CONSTANT_CONVERSION = YES;
				CLANG_WARN_DEPRECATED_OBJC_IMPLEMENTATIONS = YES;
				CLANG_WARN_DIRECT_OBJC_ISA_USAGE = YES_ERROR;
				CLANG_WARN_DOCUMENTATION_COMMENTS = YES;
				CLANG_WARN_EMPTY_BODY = YES;
				CLANG_WARN_ENUM_CONVERSION = YES;
				CLANG_WARN_INFINITE_RECURSION = YES;
				CLANG_WARN_INT_CONVERSION = YES;
				CLANG_WARN_NON_LITERAL_NULL_CONVERSION = YES;
				CLANG_WARN_OBJC_IMPLICIT_RETAIN_SELF = YES;
				CLANG_WARN_OBJC_LITERAL_CONVERSION = YES;
				CLANG_WARN_OBJC_ROOT_CLASS = YES_ERROR;
				CLANG_WARN_QUOTED_INCLUDE_IN_FRAMEWORK_HEADER = YES;
				CLANG_WARN_RANGE_LOOP_ANALYSIS = YES;
				CLANG_WARN_STRICT_PROTOTYPES = YES;
				CLANG_WARN_SUSPICIOUS_MOVE = YES;
				CLANG_WARN_UNGUARDED_AVAILABILITY = YES_AGGRESSIVE;
				CLANG_WARN_UNREACHABLE_CODE = YES;
				CLANG_WARN__DUPLICATE_METHOD_MATCH = YES;
				COPY_PHASE_STRIP = NO;
				DEBUG_INFORMATION_FORMAT = "dwarf-with-dsym";
				ENABLE_NS_ASSERTIONS = NO;
				ENABLE_STRICT_OBJC_MSGSEND = YES;
				GCC_C_LANGUAGE_STANDARD = gnu11;
				GCC_NO_COMMON_BLOCKS = YES;
				GCC_WARN_64_TO_32_BIT_CONVERSION = YES;
				GCC_WARN_ABOUT_RETURN_TYPE = YES_ERROR;
				GCC_WARN_UNDECLARED_SELECTOR = YES;
				GCC_WARN_UNINITIALIZED_AUTOS = YES_AGGRESSIVE;
				GCC_WARN_UNUSED_FUNCTION = YES;
				GCC_WARN_UNUSED_VARIABLE = YES;
				IPHONEOS_DEPLOYMENT_TARGET = 15.2;
				MTL_ENABLE_DEBUG_INFO = NO;
				MTL_FAST_MATH = YES;
				SDKROOT = iphoneos;
				SWIFT_COMPILATION_MODE = wholemodule;
				SWIFT_OPTIMIZATION_LEVEL = "-O";
				VALIDATE_PRODUCT = YES;
			};
			name = Release;
		};
		06327097289AFAE800E1DBB2 /* Debug */ = {
			isa = XCBuildConfiguration;
			baseConfigurationReference = 282BB881725BFE418494418C /* Pods-testando.debug.xcconfig */;
			buildSettings = {
				ASSETCATALOG_COMPILER_APPICON_NAME = AppIcon;
				ASSETCATALOG_COMPILER_GLOBAL_ACCENT_COLOR_NAME = AccentColor;
				CODE_SIGN_STYLE = Automatic;
				CURRENT_PROJECT_VERSION = 1;
				DEVELOPMENT_TEAM = P9AK82PW8Z;
				GENERATE_INFOPLIST_FILE = YES;
				INFOPLIST_FILE = testando/Info.plist;
				INFOPLIST_KEY_UIApplicationSupportsIndirectInputEvents = YES;
				INFOPLIST_KEY_UILaunchStoryboardName = LaunchScreen;
				INFOPLIST_KEY_UIMainStoryboardFile = Main;
				INFOPLIST_KEY_UISupportedInterfaceOrientations_iPad = "UIInterfaceOrientationPortrait UIInterfaceOrientationPortraitUpsideDown UIInterfaceOrientationLandscapeLeft UIInterfaceOrientationLandscapeRight";
				INFOPLIST_KEY_UISupportedInterfaceOrientations_iPhone = "UIInterfaceOrientationPortrait UIInterfaceOrientationLandscapeLeft UIInterfaceOrientationLandscapeRight";
				LD_RUNPATH_SEARCH_PATHS = (
					"$(inherited)",
					"@executable_path/Frameworks",
				);
				MARKETING_VERSION = 1.0;
				PRODUCT_BUNDLE_IDENTIFIER = ariel.sam.testando;
				PRODUCT_NAME = "$(TARGET_NAME)";
				SWIFT_EMIT_LOC_STRINGS = YES;
				SWIFT_VERSION = 5.0;
				TARGETED_DEVICE_FAMILY = "1,2";
			};
			name = Debug;
		};
		06327098289AFAE800E1DBB2 /* Release */ = {
			isa = XCBuildConfiguration;
			baseConfigurationReference = 0FDED37E9B9A2F2059957E4B /* Pods-testando.release.xcconfig */;
			buildSettings = {
				ASSETCATALOG_COMPILER_APPICON_NAME = AppIcon;
				ASSETCATALOG_COMPILER_GLOBAL_ACCENT_COLOR_NAME = AccentColor;
				CODE_SIGN_STYLE = Automatic;
				CURRENT_PROJECT_VERSION = 1;
				DEVELOPMENT_TEAM = P9AK82PW8Z;
				GENERATE_INFOPLIST_FILE = YES;
				INFOPLIST_FILE = testando/Info.plist;
				INFOPLIST_KEY_UIApplicationSupportsIndirectInputEvents = YES;
				INFOPLIST_KEY_UILaunchStoryboardName = LaunchScreen;
				INFOPLIST_KEY_UIMainStoryboardFile = Main;
				INFOPLIST_KEY_UISupportedInterfaceOrientations_iPad = "UIInterfaceOrientationPortrait UIInterfaceOrientationPortraitUpsideDown UIInterfaceOrientationLandscapeLeft UIInterfaceOrientationLandscapeRight";
				INFOPLIST_KEY_UISupportedInterfaceOrientations_iPhone = "UIInterfaceOrientationPortrait UIInterfaceOrientationLandscapeLeft UIInterfaceOrientationLandscapeRight";
				LD_RUNPATH_SEARCH_PATHS = (
					"$(inherited)",
					"@executable_path/Frameworks",
				);
				MARKETING_VERSION = 1.0;
				PRODUCT_BUNDLE_IDENTIFIER = ariel.sam.testando;
				PRODUCT_NAME = "$(TARGET_NAME)";
				SWIFT_EMIT_LOC_STRINGS = YES;
				SWIFT_VERSION = 5.0;
				TARGETED_DEVICE_FAMILY = "1,2";
			};
			name = Release;
		};
/* End XCBuildConfiguration section */

/* Begin XCConfigurationList section */
		0632707D289AFAE800E1DBB2 /* Build configuration list for PBXProject "testando" */ = {
			isa = XCConfigurationList;
			buildConfigurations = (
				06327094289AFAE800E1DBB2 /* Debug */,
				06327095289AFAE800E1DBB2 /* Release */,
			);
			defaultConfigurationIsVisible = 0;
			defaultConfigurationName = Release;
		};
		06327096289AFAE800E1DBB2 /* Build configuration list for PBXNativeTarget "testando" */ = {
			isa = XCConfigurationList;
			buildConfigurations = (
				06327097289AFAE800E1DBB2 /* Debug */,
				06327098289AFAE800E1DBB2 /* Release */,
			);
			defaultConfigurationIsVisible = 0;
			defaultConfigurationName = Release;
		};
/* End XCConfigurationList section */
	};
	rootObject = 0632707A289AFAE800E1DBB2 /* Project object */;
}
